
Microsoft Visual Studio Solution File, Format Version 12.00
# Visual Studio Version 17
VisualStudioVersion = 17.0.31903.59
MinimumVisualStudioVersion = 10.0.40219.1
Project("{2150E333-8FDC-42A3-9474-1A3956D46DE8}") = "src", "src", "{4EC2F524-16E3-4C01-B860-59EF1351CFEA}"
EndProject
Project("{FAE04EC0-301F-11D3-BF4B-00C04F79EFBC}") = "MySpot.Api", "src\MySpot.Api\MySpot.Api.csproj", "{0583FA8F-E507-4395-9DF2-E053436ABAE6}"
EndProject
Global
	GlobalSection(SolutionConfigurationPlatforms) = preSolution
		Debug|Any CPU = Debug|Any CPU
		Release|Any CPU = Release|Any CPU
	EndGlobalSection
	GlobalSection(SolutionProperties) = preSolution
		HideSolutionNode = FALSE
	EndGlobalSection
	GlobalSection(ProjectConfigurationPlatforms) = postSolution
		{0583FA8F-E507-4395-9DF2-E053436ABAE6}.Debug|Any CPU.ActiveCfg = Debug|Any CPU
		{0583FA8F-E507-4395-9DF2-E053436ABAE6}.Debug|Any CPU.Build.0 = Debug|Any CPU
		{0583FA8F-E507-4395-9DF2-E053436ABAE6}.Release|Any CPU.ActiveCfg = Release|Any CPU
		{0583FA8F-E507-4395-9DF2-E053436ABAE6}.Release|Any CPU.Build.0 = Release|Any CPU
	EndGlobalSection
	GlobalSection(NestedProjects) = preSolution
		{0583FA8F-E507-4395-9DF2-E053436ABAE6} = {4EC2F524-16E3-4C01-B860-59EF1351CFEA}
	EndGlobalSection
EndGlobal
